{
  "originHash" : "7c98c1d729876f3587107b43e08d1e9fc73a3143f0f84171c26d9923997684c7",
  "pins" : [
    {
      "identity" : "antlr4",
      "kind" : "remoteSourceControl",
      "location" : "https://github.com/antlr/antlr4",
      "state" : {
        "revision" : "cc82115a4e7f53d71d9d905caa2c2dfa4da58899",
        "version" : "4.13.2"
      }
    }
  ],
  "version" : 3
}
